{
  "nodes": {
    "darwin": {
      "inputs": {
        "nixpkgs": [
          "nixpkgs"
        ]
      },
      "locked": {
        "lastModified": 1709434167,
        "narHash": "sha256-2VLj0k4GNZCISN/1uf02GSaLwM1iBbTwWRLJWbjh/fw=",
        "owner": "lnl7",
        "repo": "nix-darwin",
        "rev": "17c2ca3c7537a2512224242b84e1ea3c08e79b92",
        "type": "github"
      },
      "original": {
        "owner": "lnl7",
        "ref": "master",
        "repo": "nix-darwin",
        "type": "github"
      }
    },
    "firefox-darwin": {
      "inputs": {
        "nixpkgs": [
          "nixpkgs"
        ]
      },
      "locked": {
        "lastModified": 1709426589,
        "narHash": "sha256-HLurfm95lDR4p+CJqOwNCg47WTNyHWzSIqr/h2R3daM=",
        "owner": "bandithedoge",
        "repo": "nixpkgs-firefox-darwin",
        "rev": "144a94dc71410d9655e4e73ac4579e9b7405572b",
        "type": "github"
      },
      "original": {
        "owner": "bandithedoge",
        "repo": "nixpkgs-firefox-darwin",
        "type": "github"
      }
    },
    "flake-utils": {
      "inputs": {
        "systems": "systems"
      },
      "locked": {
        "lastModified": 1705309234,
        "narHash": "sha256-uNRRNRKmJyCRC/8y1RqBkqWBLM034y4qN7EprSdmgyA=",
        "owner": "numtide",
        "repo": "flake-utils",
        "rev": "1ef2e671c3b0c19053962c07dbda38332dcebf26",
        "type": "github"
      },
      "original": {
        "owner": "numtide",
        "repo": "flake-utils",
        "type": "github"
      }
    },
    "flake-utils_2": {
      "locked": {
        "lastModified": 1629481132,
        "narHash": "sha256-JHgasjPR0/J1J3DRm4KxM4zTyAj4IOJY8vIl75v/kPI=",
        "owner": "numtide",
        "repo": "flake-utils",
        "rev": "997f7efcb746a9c140ce1f13c72263189225f482",
        "type": "github"
      },
      "original": {
        "owner": "numtide",
        "repo": "flake-utils",
        "type": "github"
      }
    },
    "home-manager": {
      "inputs": {
        "nixpkgs": [
          "nixpkgs"
        ]
      },
      "locked": {
        "lastModified": 1709485962,
        "narHash": "sha256-rmFB4uE10+LJbcVE4ePgiuHOBlUIjQOeZt4VQVJTU8M=",
        "owner": "nix-community",
        "repo": "home-manager",
        "rev": "d579633ff9915a8f4058d5c439281097e92380a8",
        "type": "github"
      },
      "original": {
        "owner": "nix-community",
        "repo": "home-manager",
        "type": "github"
      }
    },
    "nixpkgs": {
      "locked": {
        "lastModified": 1709386671,
        "narHash": "sha256-VPqfBnIJ+cfa78pd4Y5Cr6sOWVW8GYHRVucxJGmRf8Q=",
        "owner": "NixOS",
        "repo": "nixpkgs",
        "rev": "fa9a51752f1b5de583ad5213eb621be071806663",
        "type": "github"
      },
      "original": {
        "owner": "NixOS",
        "ref": "nixpkgs-unstable",
        "repo": "nixpkgs",
        "type": "github"
      }
    },
    "nur": {
      "locked": {
        "lastModified": 1709487869,
        "narHash": "sha256-+5WDQZTMYkKgyo2aRCY8wp41Li2zoyVxEf2dhmZwyXg=",
        "owner": "nix-community",
        "repo": "NUR",
        "rev": "554b583c992084b560f879e44b5159bb7b8c277b",
        "type": "github"
      },
      "original": {
        "owner": "nix-community",
        "repo": "NUR",
        "type": "github"
      }
    },
    "root": {
      "inputs": {
        "darwin": "darwin",
        "firefox-darwin": "firefox-darwin",
        "home-manager": "home-manager",
        "nixpkgs": "nixpkgs",
        "nur": "nur",
        "rust-overlay": "rust-overlay",
        "vscodeInsiders": "vscodeInsiders"
      }
    },
    "rust-overlay": {
      "inputs": {
        "flake-utils": "flake-utils",
        "nixpkgs": [
          "nixpkgs"
        ]
      },
      "locked": {
        "lastModified": 1709431943,
        "narHash": "sha256-CqTcEJGITB3rfSuAcWC1QZnbVnIipXmIDbZHfxsAy80=",
        "owner": "oxalica",
        "repo": "rust-overlay",
        "rev": "362184acf4a991f27fc222864e94a2e81b3c3c9f",
        "type": "github"
      },
      "original": {
        "owner": "oxalica",
        "repo": "rust-overlay",
        "type": "github"
      }
    },
    "systems": {
      "locked": {
        "lastModified": 1681028828,
        "narHash": "sha256-Vy1rq5AaRuLzOxct8nz4T6wlgyUR7zLU309k9mBC768=",
        "owner": "nix-systems",
        "repo": "default",
        "rev": "da67096a3b9bf56a91d16901293e51ba5b49a27e",
        "type": "github"
      },
      "original": {
        "owner": "nix-systems",
        "repo": "default",
        "type": "github"
      }
    },
    "unstable": {
      "locked": {
        "lastModified": 1630140382,
        "narHash": "sha256-ntXepAHFlAEtaYIU5EzckRUODeeMgpu1u2Yug+4LFNc=",
        "owner": "NixOS",
        "repo": "nixpkgs",
        "rev": "08ef0f28e3a41424b92ba1d203de64257a9fca6a",
        "type": "github"
      },
      "original": {
        "owner": "NixOS",
        "ref": "nixpkgs-unstable",
        "repo": "nixpkgs",
        "type": "github"
      }
    },
    "vscodeInsiders": {
      "inputs": {
        "flake-utils": "flake-utils_2",
        "unstable": "unstable"
      },
      "locked": {
        "lastModified": 1668249087,
        "narHash": "sha256-IcorHHnm0FP8cdiYD/lZC9F/bP+Ru9JgBY4VPZVQDcE=",
        "owner": "cideM",
        "repo": "visual-studio-code-insiders-nix",
        "rev": "f3135a0171bc2900753ca31b2cb9efa8345a755a",
        "type": "github"
      },
      "original": {
        "owner": "cideM",
        "repo": "visual-studio-code-insiders-nix",
        "type": "github"
      }
    }
  },
  "root": "root",
  "version": 7
}
