{
  "nodes": {
    "darwin": {
      "inputs": {
        "nixpkgs": [
          "nixpkgs"
        ]
      },
      "locked": {
        "lastModified": 1681154394,
        "narHash": "sha256-avnu1K9AuouygBiwVKuDp6emiTET43az3rcpv0ctLjc=",
        "owner": "lnl7",
        "repo": "nix-darwin",
        "rev": "025912529dd0b31dead95519e944ea05f1ad56f2",
        "type": "github"
      },
      "original": {
        "owner": "lnl7",
        "ref": "master",
        "repo": "nix-darwin",
        "type": "github"
      }
    },
    "firefox-darwin": {
      "inputs": {
        "nixpkgs": [
          "nixpkgs"
        ]
      },
      "locked": {
        "lastModified": 1681346664,
        "narHash": "sha256-r0jlGK8HW00S/JV30/4fH78SOF6cfm6RxE0lq+tig2k=",
        "owner": "bandithedoge",
        "repo": "nixpkgs-firefox-darwin",
        "rev": "33ed4349a852a5344bb29b2e852ff30f32e14ba9",
        "type": "github"
      },
      "original": {
        "owner": "bandithedoge",
        "repo": "nixpkgs-firefox-darwin",
        "type": "github"
      }
    },
    "flake-utils": {
      "locked": {
        "lastModified": 1659877975,
        "narHash": "sha256-zllb8aq3YO3h8B/U0/J1WBgAL8EX5yWf5pMj3G0NAmc=",
        "owner": "numtide",
        "repo": "flake-utils",
        "rev": "c0e246b9b83f637f4681389ecabcb2681b4f3af0",
        "type": "github"
      },
      "original": {
        "owner": "numtide",
        "repo": "flake-utils",
        "type": "github"
      }
    },
    "flake-utils_2": {
      "locked": {
        "lastModified": 1629481132,
        "narHash": "sha256-JHgasjPR0/J1J3DRm4KxM4zTyAj4IOJY8vIl75v/kPI=",
        "owner": "numtide",
        "repo": "flake-utils",
        "rev": "997f7efcb746a9c140ce1f13c72263189225f482",
        "type": "github"
      },
      "original": {
        "owner": "numtide",
        "repo": "flake-utils",
        "type": "github"
      }
    },
    "home-manager": {
      "inputs": {
        "nixpkgs": [
          "nixpkgs"
        ],
        "utils": "utils"
      },
      "locked": {
        "lastModified": 1681250798,
        "narHash": "sha256-fQMROyKzPFBPqJy9J4ffywm02ZuqAI0GW1O1QibVpdQ=",
        "owner": "nix-community",
        "repo": "home-manager",
        "rev": "28698126bd825aff21cae9ffd15cf83e169051b0",
        "type": "github"
      },
      "original": {
        "owner": "nix-community",
        "repo": "home-manager",
        "type": "github"
      }
    },
    "nixpkgs": {
      "locked": {
        "lastModified": 1681303793,
        "narHash": "sha256-JEdQHsYuCfRL2PICHlOiH/2ue3DwoxUX7DJ6zZxZXFk=",
        "owner": "NixOS",
        "repo": "nixpkgs",
        "rev": "fe2ecaf706a5907b5e54d979fbde4924d84b65fc",
        "type": "github"
      },
      "original": {
        "owner": "NixOS",
        "ref": "nixos-unstable",
        "repo": "nixpkgs",
        "type": "github"
      }
    },
    "nur": {
      "locked": {
        "lastModified": 1681400886,
        "narHash": "sha256-+EqaogySwmo7wcK7K7lB7Yj6FcLJ6sGcl47yBI5wQIY=",
        "owner": "nix-community",
        "repo": "NUR",
        "rev": "9df608a6abeb3767cec38a8e33cf7d012ce7f500",
        "type": "github"
      },
      "original": {
        "owner": "nix-community",
        "repo": "NUR",
        "type": "github"
      }
    },
    "root": {
      "inputs": {
        "darwin": "darwin",
        "firefox-darwin": "firefox-darwin",
        "home-manager": "home-manager",
        "nixpkgs": "nixpkgs",
        "nur": "nur",
        "rust-overlay": "rust-overlay",
        "vscodeInsiders": "vscodeInsiders"
      }
    },
    "rust-overlay": {
      "inputs": {
        "flake-utils": "flake-utils",
        "nixpkgs": [
          "nixpkgs"
        ]
      },
      "locked": {
        "lastModified": 1681352318,
        "narHash": "sha256-+kwy7bTsuW8GYrRqWRQ8T5hg6duZb5IJiHlKo1J+v9g=",
        "owner": "oxalica",
        "repo": "rust-overlay",
        "rev": "aeaa11c65a5c5cebaa51652353ab3c497b9a7bbf",
        "type": "github"
      },
      "original": {
        "owner": "oxalica",
        "repo": "rust-overlay",
        "type": "github"
      }
    },
    "unstable": {
      "locked": {
        "lastModified": 1630140382,
        "narHash": "sha256-ntXepAHFlAEtaYIU5EzckRUODeeMgpu1u2Yug+4LFNc=",
        "owner": "NixOS",
        "repo": "nixpkgs",
        "rev": "08ef0f28e3a41424b92ba1d203de64257a9fca6a",
        "type": "github"
      },
      "original": {
        "owner": "NixOS",
        "ref": "nixpkgs-unstable",
        "repo": "nixpkgs",
        "type": "github"
      }
    },
    "utils": {
      "locked": {
        "lastModified": 1678901627,
        "narHash": "sha256-U02riOqrKKzwjsxc/400XnElV+UtPUQWpANPlyazjH0=",
        "owner": "numtide",
        "repo": "flake-utils",
        "rev": "93a2b84fc4b70d9e089d029deacc3583435c2ed6",
        "type": "github"
      },
      "original": {
        "owner": "numtide",
        "repo": "flake-utils",
        "type": "github"
      }
    },
    "vscodeInsiders": {
      "inputs": {
        "flake-utils": "flake-utils_2",
        "unstable": "unstable"
      },
      "locked": {
        "lastModified": 1668249087,
        "narHash": "sha256-IcorHHnm0FP8cdiYD/lZC9F/bP+Ru9JgBY4VPZVQDcE=",
        "owner": "cideM",
        "repo": "visual-studio-code-insiders-nix",
        "rev": "f3135a0171bc2900753ca31b2cb9efa8345a755a",
        "type": "github"
      },
      "original": {
        "owner": "cideM",
        "repo": "visual-studio-code-insiders-nix",
        "type": "github"
      }
    }
  },
  "root": "root",
  "version": 7
}
